// !$*UTF8*$!
{
	archiveVersion = 1;
	classes = {
	};
	objectVersion = 50;
	objects = {

/* Begin PBXBuildFile section */
		2DEAD0A8218F7E5400C3262B /* AppDelegate.swift in Sources */ = {isa = PBXBuildFile; fileRef = 2DEAD0A7218F7E5400C3262B /* AppDelegate.swift */; };
		2DEAD0AA218F7E5400C3262B /* ViewController.swift in Sources */ = {isa = PBXBuildFile; fileRef = 2DEAD0A9218F7E5400C3262B /* ViewController.swift */; };
		2DEAD0AD218F7E5500C3262B /* Main.storyboard in Resources */ = {isa = PBXBuildFile; fileRef = 2DEAD0AB218F7E5400C3262B /* Main.storyboard */; };
		2DEAD0B0218F7E5500C3262B /* matchingCards.xcdatamodeld in Sources */ = {isa = PBXBuildFile; fileRef = 2DEAD0AE218F7E5500C3262B /* matchingCards.xcdatamodeld */; };
		2DEAD0B2218F7E6E00C3262B /* Assets.xcassets in Resources */ = {isa = PBXBuildFile; fileRef = 2DEAD0B1218F7E6E00C3262B /* Assets.xcassets */; };
		2DEAD0B5218F7E6E00C3262B /* LaunchScreen.storyboard in Resources */ = {isa = PBXBuildFile; fileRef = 2DEAD0B3218F7E6E00C3262B /* LaunchScreen.storyboard */; };
		2DEAD0C0218F7E6E00C3262B /* matchingCardsTests.swift in Sources */ = {isa = PBXBuildFile; fileRef = 2DEAD0BF218F7E6E00C3262B /* matchingCardsTests.swift */; };
		2DEAD0CB218F7E6E00C3262B /* matchingCardsUITests.swift in Sources */ = {isa = PBXBuildFile; fileRef = 2DEAD0CA218F7E6E00C3262B /* matchingCardsUITests.swift */; };
/* End PBXBuildFile section */

/* Begin PBXContainerItemProxy section */
		2DEAD0BC218F7E6E00C3262B /* PBXContainerItemProxy */ = {
			isa = PBXContainerItemProxy;
			containerPortal = 2DEAD09C218F7E5300C3262B /* Project object */;
			proxyType = 1;
			remoteGlobalIDString = 2DEAD0A3218F7E5400C3262B;
			remoteInfo = matchingCards;
		};
		2DEAD0C7218F7E6E00C3262B /* PBXContainerItemProxy */ = {
			isa = PBXContainerItemProxy;
			containerPortal = 2DEAD09C218F7E5300C3262B /* Project object */;
			proxyType = 1;
			remoteGlobalIDString = 2DEAD0A3218F7E5400C3262B;
			remoteInfo = matchingCards;
		};
/* End PBXContainerItemProxy section */

/* Begin PBXFileReference section */
		2DEAD0A4218F7E5400C3262B /* matchingCards.app */ = {isa = PBXFileReference; explicitFileType = wrapper.application; includeInIndex = 0; path = matchingCards.app; sourceTree = BUILT_PRODUCTS_DIR; };
		2DEAD0A7218F7E5400C3262B /* AppDelegate.swift */ = {isa = PBXFileReference; lastKnownFileType = sourcecode.swift; path = AppDelegate.swift; sourceTree = "<group>"; };
		2DEAD0A9218F7E5400C3262B /* ViewController.swift */ = {isa = PBXFileReference; lastKnownFileType = sourcecode.swift; path = ViewController.swift; sourceTree = "<group>"; };
		2DEAD0AC218F7E5400C3262B /* Base */ = {isa = PBXFileReference; lastKnownFileType = file.storyboard; name = Base; path = Base.lproj/Main.storyboard; sourceTree = "<group>"; };
		2DEAD0AF218F7E5500C3262B /* matchingCards.xcdatamodel */ = {isa = PBXFileReference; lastKnownFileType = wrapper.xcdatamodel; path = matchingCards.xcdatamodel; sourceTree = "<group>"; };
		2DEAD0B1218F7E6E00C3262B /* Assets.xcassets */ = {isa = PBXFileReference; lastKnownFileType = folder.assetcatalog; path = Assets.xcassets; sourceTree = "<group>"; };
		2DEAD0B4218F7E6E00C3262B /* Base */ = {isa = PBXFileReference; lastKnownFileType = file.storyboard; name = Base; path = Base.lproj/LaunchScreen.storyboard; sourceTree = "<group>"; };
		2DEAD0B6218F7E6E00C3262B /* Info.plist */ = {isa = PBXFileReference; lastKnownFileType = text.plist.xml; path = Info.plist; sourceTree = "<group>"; };
		2DEAD0BB218F7E6E00C3262B /* matchingCardsTests.xctest */ = {isa = PBXFileReference; explicitFileType = wrapper.cfbundle; includeInIndex = 0; path = matchingCardsTests.xctest; sourceTree = BUILT_PRODUCTS_DIR; };
		2DEAD0BF218F7E6E00C3262B /* matchingCardsTests.swift */ = {isa = PBXFileReference; lastKnownFileType = sourcecode.swift; path = matchingCardsTests.swift; sourceTree = "<group>"; };
		2DEAD0C1218F7E6E00C3262B /* Info.plist */ = {isa = PBXFileReference; lastKnownFileType = text.plist.xml; path = Info.plist; sourceTree = "<group>"; };
		2DEAD0C6218F7E6E00C3262B /* matchingCardsUITests.xctest */ = {isa = PBXFileReference; explicitFileType = wrapper.cfbundle; includeInIndex = 0; path = matchingCardsUITests.xctest; sourceTree = BUILT_PRODUCTS_DIR; };
		2DEAD0CA218F7E6E00C3262B /* matchingCardsUITests.swift */ = {isa = PBXFileReference; lastKnownFileType = sourcecode.swift; path = matchingCardsUITests.swift; sourceTree = "<group>"; };
		2DEAD0CC218F7E6E00C3262B /* Info.plist */ = {isa = PBXFileReference; lastKnownFileType = text.plist.xml; path = Info.plist; sourceTree = "<group>"; };
/* End PBXFileReference section */

/* Begin PBXFrameworksBuildPhase section */
		2DEAD0A1218F7E5400C3262B /* Frameworks */ = {
			isa = PBXFrameworksBuildPhase;
			buildActionMask = 2147483647;
			files = (
			);
			runOnlyForDeploymentPostprocessing = 0;
		};
		2DEAD0B8218F7E6E00C3262B /* Frameworks */ = {
			isa = PBXFrameworksBuildPhase;
			buildActionMask = 2147483647;
			files = (
			);
			runOnlyForDeploymentPostprocessing = 0;
		};
		2DEAD0C3218F7E6E00C3262B /* Frameworks */ = {
			isa = PBXFrameworksBuildPhase;
			buildActionMask = 2147483647;
			files = (
			);
			runOnlyForDeploymentPostprocessing = 0;
		};
/* End PBXFrameworksBuildPhase section */

/* Begin PBXGroup section */
		2DEAD09B218F7E5300C3262B = {
			isa = PBXGroup;
			children = (
				2DEAD0A6218F7E5400C3262B /* matchingCards */,
				2DEAD0BE218F7E6E00C3262B /* matchingCardsTests */,
				2DEAD0C9218F7E6E00C3262B /* matchingCardsUITests */,
				2DEAD0A5218F7E5400C3262B /* Products */,
			);
			sourceTree = "<group>";
		};
		2DEAD0A5218F7E5400C3262B /* Products */ = {
			isa = PBXGroup;
			children = (
				2DEAD0A4218F7E5400C3262B /* matchingCards.app */,
				2DEAD0BB218F7E6E00C3262B /* matchingCardsTests.xctest */,
				2DEAD0C6218F7E6E00C3262B /* matchingCardsUITests.xctest */,
			);
			name = Products;
			sourceTree = "<group>";
		};
		2DEAD0A6218F7E5400C3262B /* matchingCards */ = {
			isa = PBXGroup;
			children = (
				2DEAD0A7218F7E5400C3262B /* AppDelegate.swift */,
				2DEAD0A9218F7E5400C3262B /* ViewController.swift */,
				2DEAD0AB218F7E5400C3262B /* Main.storyboard */,
				2DEAD0B1218F7E6E00C3262B /* Assets.xcassets */,
				2DEAD0B3218F7E6E00C3262B /* LaunchScreen.storyboard */,
				2DEAD0B6218F7E6E00C3262B /* Info.plist */,
				2DEAD0AE218F7E5500C3262B /* matchingCards.xcdatamodeld */,
			);
			path = matchingCards;
			sourceTree = "<group>";
		};
		2DEAD0BE218F7E6E00C3262B /* matchingCardsTests */ = {
			isa = PBXGroup;
			children = (
				2DEAD0BF218F7E6E00C3262B /* matchingCardsTests.swift */,
				2DEAD0C1218F7E6E00C3262B /* Info.plist */,
			);
			path = matchingCardsTests;
			sourceTree = "<group>";
		};
		2DEAD0C9218F7E6E00C3262B /* matchingCardsUITests */ = {
			isa = PBXGroup;
			children = (
				2DEAD0CA218F7E6E00C3262B /* matchingCardsUITests.swift */,
				2DEAD0CC218F7E6E00C3262B /* Info.plist */,
			);
			path = matchingCardsUITests;
			sourceTree = "<group>";
		};
/* End PBXGroup section */

/* Begin PBXNativeTarget section */
		2DEAD0A3218F7E5400C3262B /* matchingCards */ = {
			isa = PBXNativeTarget;
			buildConfigurationList = 2DEAD0CF218F7E6F00C3262B /* Build configuration list for PBXNativeTarget "matchingCards" */;
			buildPhases = (
				2DEAD0A0218F7E5400C3262B /* Sources */,
				2DEAD0A1218F7E5400C3262B /* Frameworks */,
				2DEAD0A2218F7E5400C3262B /* Resources */,
			);
			buildRules = (
			);
			dependencies = (
			);
			name = matchingCards;
			productName = matchingCards;
			productReference = 2DEAD0A4218F7E5400C3262B /* matchingCards.app */;
			productType = "com.apple.product-type.application";
		};
		2DEAD0BA218F7E6E00C3262B /* matchingCardsTests */ = {
			isa = PBXNativeTarget;
			buildConfigurationList = 2DEAD0D2218F7E6F00C3262B /* Build configuration list for PBXNativeTarget "matchingCardsTests" */;
			buildPhases = (
				2DEAD0B7218F7E6E00C3262B /* Sources */,
				2DEAD0B8218F7E6E00C3262B /* Frameworks */,
				2DEAD0B9218F7E6E00C3262B /* Resources */,
			);
			buildRules = (
			);
			dependencies = (
				2DEAD0BD218F7E6E00C3262B /* PBXTargetDependency */,
			);
			name = matchingCardsTests;
			productName = matchingCardsTests;
			productReference = 2DEAD0BB218F7E6E00C3262B /* matchingCardsTests.xctest */;
			productType = "com.apple.product-type.bundle.unit-test";
		};
		2DEAD0C5218F7E6E00C3262B /* matchingCardsUITests */ = {
			isa = PBXNativeTarget;
			buildConfigurationList = 2DEAD0D5218F7E6F00C3262B /* Build configuration list for PBXNativeTarget "matchingCardsUITests" */;
			buildPhases = (
				2DEAD0C2218F7E6E00C3262B /* Sources */,
				2DEAD0C3218F7E6E00C3262B /* Frameworks */,
				2DEAD0C4218F7E6E00C3262B /* Resources */,
			);
			buildRules = (
			);
			dependencies = (
				2DEAD0C8218F7E6E00C3262B /* PBXTargetDependency */,
			);
			name = matchingCardsUITests;
			productName = matchingCardsUITests;
			productReference = 2DEAD0C6218F7E6E00C3262B /* matchingCardsUITests.xctest */;
			productType = "com.apple.product-type.bundle.ui-testing";
		};
/* End PBXNativeTarget section */

/* Begin PBXProject section */
		2DEAD09C218F7E5300C3262B /* Project object */ = {
			isa = PBXProject;
			attributes = {
				LastSwiftUpdateCheck = 0930;
				LastUpgradeCheck = 0930;
				ORGANIZATIONNAME = "Jun Wang";
				TargetAttributes = {
					2DEAD0A3218F7E5400C3262B = {
						CreatedOnToolsVersion = 9.3;
					};
					2DEAD0BA218F7E6E00C3262B = {
						CreatedOnToolsVersion = 9.3;
						TestTargetID = 2DEAD0A3218F7E5400C3262B;
					};
					2DEAD0C5218F7E6E00C3262B = {
						CreatedOnToolsVersion = 9.3;
						TestTargetID = 2DEAD0A3218F7E5400C3262B;
					};
				};
			};
			buildConfigurationList = 2DEAD09F218F7E5400C3262B /* Build configuration list for PBXProject "matchingCards" */;
			compatibilityVersion = "Xcode 9.3";
			developmentRegion = en;
			hasScannedForEncodings = 0;
			knownRegions = (
				en,
				Base,
			);
			mainGroup = 2DEAD09B218F7E5300C3262B;
			productRefGroup = 2DEAD0A5218F7E5400C3262B /* Products */;
			projectDirPath = "";
			projectRoot = "";
			targets = (
				2DEAD0A3218F7E5400C3262B /* matchingCards */,
				2DEAD0BA218F7E6E00C3262B /* matchingCardsTests */,
				2DEAD0C5218F7E6E00C3262B /* matchingCardsUITests */,
			);
		};
/* End PBXProject section */

/* Begin PBXResourcesBuildPhase section */
		2DEAD0A2218F7E5400C3262B /* Resources */ = {
			isa = PBXResourcesBuildPhase;
			buildActionMask = 2147483647;
			files = (
				2DEAD0B5218F7E6E00C3262B /* LaunchScreen.storyboard in Resources */,
				2DEAD0B2218F7E6E00C3262B /* Assets.xcassets in Resources */,
				2DEAD0AD218F7E5500C3262B /* Main.storyboard in Resources */,
			);
			runOnlyForDeploymentPostprocessing = 0;
		};
		2DEAD0B9218F7E6E00C3262B /* Resources */ = {
			isa = PBXResourcesBuildPhase;
			buildActionMask = 2147483647;
			files = (
			);
			runOnlyForDeploymentPostprocessing = 0;
		};
		2DEAD0C4218F7E6E00C3262B /* Resources */ = {
			isa = PBXResourcesBuildPhase;
			buildActionMask = 2147483647;
			files = (
			);
			runOnlyForDeploymentPostprocessing = 0;
		};
/* End PBXResourcesBuildPhase section */

/* Begin PBXSourcesBuildPhase section */
		2DEAD0A0218F7E5400C3262B /* Sources */ = {
			isa = PBXSourcesBuildPhase;
			buildActionMask = 2147483647;
			files = (
				2DEAD0AA218F7E5400C3262B /* ViewController.swift in Sources */,
				2DEAD0A8218F7E5400C3262B /* AppDelegate.swift in Sources */,
				2DEAD0B0218F7E5500C3262B /* matchingCards.xcdatamodeld in Sources */,
			);
			runOnlyForDeploymentPostprocessing = 0;
		};
		2DEAD0B7218F7E6E00C3262B /* Sources */ = {
			isa = PBXSourcesBuildPhase;
			buildActionMask = 2147483647;
			files = (
				2DEAD0C0218F7E6E00C3262B /* matchingCardsTests.swift in Sources */,
			);
			runOnlyForDeploymentPostprocessing = 0;
		};
		2DEAD0C2218F7E6E00C3262B /* Sources */ = {
			isa = PBXSourcesBuildPhase;
			buildActionMask = 2147483647;
			files = (
				2DEAD0CB218F7E6E00C3262B /* matchingCardsUITests.swift in Sources */,
			);
			runOnlyForDeploymentPostprocessing = 0;
		};
/* End PBXSourcesBuildPhase section */

/* Begin PBXTargetDependency section */
		2DEAD0BD218F7E6E00C3262B /* PBXTargetDependency */ = {
			isa = PBXTargetDependency;
			target = 2DEAD0A3218F7E5400C3262B /* matchingCards */;
			targetProxy = 2DEAD0BC218F7E6E00C3262B /* PBXContainerItemProxy */;
		};
		2DEAD0C8218F7E6E00C3262B /* PBXTargetDependency */ = {
			isa = PBXTargetDependency;
			target = 2DEAD0A3218F7E5400C3262B /* matchingCards */;
			targetProxy = 2DEAD0C7218F7E6E00C3262B /* PBXContainerItemProxy */;
		};
/* End PBXTargetDependency section */

/* Begin PBXVariantGroup section */
		2DEAD0AB218F7E5400C3262B /* Main.storyboard */ = {
			isa = PBXVariantGroup;
			children = (
				2DEAD0AC218F7E5400C3262B /* Base */,
			);
			name = Main.storyboard;
			sourceTree = "<group>";
		};
		2DEAD0B3218F7E6E00C3262B /* LaunchScreen.storyboard */ = {
			isa = PBXVariantGroup;
			children = (
				2DEAD0B4218F7E6E00C3262B /* Base */,
			);
			name = LaunchScreen.storyboard;
			sourceTree = "<group>";
		};
/* End PBXVariantGroup section */

/* Begin XCBuildConfiguration section */
		2DEAD0CD218F7E6E00C3262B /* Debug */ = {
			isa = XCBuildConfiguration;
			buildSettings = {
				ALWAYS_SEARCH_USER_PATHS = NO;
				CLANG_ANALYZER_NONNULL = YES;
				CLANG_ANALYZER_NUMBER_OBJECT_CONVERSION = YES_AGGRESSIVE;
				CLANG_CXX_LANGUAGE_STANDARD = "gnu++14";
				CLANG_CXX_LIBRARY = "libc++";
				CLANG_ENABLE_MODULES = YES;
				CLANG_ENABLE_OBJC_ARC = YES;
				CLANG_ENABLE_OBJC_WEAK = YES;
				CLANG_WARN_BLOCK_CAPTURE_AUTORELEASING = YES;
				CLANG_WARN_BOOL_CONVERSION = YES;
				CLANG_WARN_COMMA = YES;
				CLANG_WARN_CONSTANT_CONVERSION = YES;
				CLANG_WARN_DEPRECATED_OBJC_IMPLEMENTATIONS = YES;
				CLANG_WARN_DIRECT_OBJC_ISA_USAGE = YES_ERROR;
				CLANG_WARN_DOCUMENTATION_COMMENTS = YES;
				CLANG_WARN_EMPTY_BODY = YES;
				CLANG_WARN_ENUM_CONVERSION = YES;
				CLANG_WARN_INFINITE_RECURSION = YES;
				CLANG_WARN_INT_CONVERSION = YES;
				CLANG_WARN_NON_LITERAL_NULL_CONVERSION = YES;
				CLANG_WARN_OBJC_IMPLICIT_RETAIN_SELF = YES;
				CLANG_WARN_OBJC_LITERAL_CONVERSION = YES;
				CLANG_WARN_OBJC_ROOT_CLASS = YES_ERROR;
				CLANG_WARN_RANGE_LOOP_ANALYSIS = YES;
				CLANG_WARN_STRICT_PROTOTYPES = YES;
				CLANG_WARN_SUSPICIOUS_MOVE = YES;
				CLANG_WARN_UNGUARDED_AVAILABILITY = YES_AGGRESSIVE;
				CLANG_WARN_UNREACHABLE_CODE = YES;
				CLANG_WARN__DUPLICATE_METHOD_MATCH = YES;
				CODE_SIGN_IDENTITY = "iPhone Developer";
				COPY_PHASE_STRIP = NO;
				DEBUG_INFORMATION_FORMAT = dwarf;
				ENABLE_STRICT_OBJC_MSGSEND = YES;
				ENABLE_TESTABILITY = YES;
				GCC_C_LANGUAGE_STANDARD = gnu11;
				GCC_DYNAMIC_NO_PIC = NO;
				GCC_NO_COMMON_BLOCKS = YES;
				GCC_OPTIMIZATION_LEVEL = 0;
				GCC_PREPROCESSOR_DEFINITIONS = (
					"DEBUG=1",
					"$(inherited)",
				);
				GCC_WARN_64_TO_32_BIT_CONVERSION = YES;
				GCC_WARN_ABOUT_RETURN_TYPE = YES_ERROR;
				GCC_WARN_UNDECLARED_SELECTOR = YES;
				GCC_WARN_UNINITIALIZED_AUTOS = YES_AGGRESSIVE;
				GCC_WARN_UNUSED_FUNCTION = YES;
				GCC_WARN_UNUSED_VARIABLE = YES;
				IPHONEOS_DEPLOYMENT_TARGET = 11.3;
				MTL_ENABLE_DEBUG_INFO = YES;
				ONLY_ACTIVE_ARCH = YES;
				SDKROOT = iphoneos;
				SWIFT_ACTIVE_COMPILATION_CONDITIONS = DEBUG;
				SWIFT_OPTIMIZATION_LEVEL = "-Onone";
			};
			name = Debug;
		};
		2DEAD0CE218F7E6F00C3262B /* Release */ = {
			isa = XCBuildConfiguration;
			buildSettings = {
				ALWAYS_SEARCH_USER_PATHS = NO;
				CLANG_ANALYZER_NONNULL = YES;
				CLANG_ANALYZER_NUMBER_OBJECT_CONVERSION = YES_AGGRESSIVE;
				CLANG_CXX_LANGUAGE_STANDARD = "gnu++14";
				CLANG_CXX_LIBRARY = "libc++";
				CLANG_ENABLE_MODULES = YES;
				CLANG_ENABLE_OBJC_ARC = YES;
				CLANG_ENABLE_OBJC_WEAK = YES;
				CLANG_WARN_BLOCK_CAPTURE_AUTORELEASING = YES;
				CLANG_WARN_BOOL_CONVERSION = YES;
				CLANG_WARN_COMMA = YES;
				CLANG_WARN_CONSTANT_CONVERSION = YES;
				CLANG_WARN_DEPRECATED_OBJC_IMPLEMENTATIONS = YES;
				CLANG_WARN_DIRECT_OBJC_ISA_USAGE = YES_ERROR;
				CLANG_WARN_DOCUMENTATION_COMMENTS = YES;
				CLANG_WARN_EMPTY_BODY = YES;
				CLANG_WARN_ENUM_CONVERSION = YES;
				CLANG_WARN_INFINITE_RECURSION = YES;
				CLANG_WARN_INT_CONVERSION = YES;
				CLANG_WARN_NON_LITERAL_NULL_CONVERSION = YES;
				CLANG_WARN_OBJC_IMPLICIT_RETAIN_SELF = YES;
				CLANG_WARN_OBJC_LITERAL_CONVERSION = YES;
				CLANG_WARN_OBJC_ROOT_CLASS = YES_ERROR;
				CLANG_WARN_RANGE_LOOP_ANALYSIS = YES;
				CLANG_WARN_STRICT_PROTOTYPES = YES;
				CLANG_WARN_SUSPICIOUS_MOVE = YES;
				CLANG_WARN_UNGUARDED_AVAILABILITY = YES_AGGRESSIVE;
				CLANG_WARN_UNREACHABLE_CODE = YES;
				CLANG_WARN__DUPLICATE_METHOD_MATCH = YES;
				CODE_SIGN_IDENTITY = "iPhone Developer";
				COPY_PHASE_STRIP = NO;
				DEBUG_INFORMATION_FORMAT = "dwarf-with-dsym";
				ENABLE_NS_ASSERTIONS = NO;
				ENABLE_STRICT_OBJC_MSGSEND = YES;
				GCC_C_LANGUAGE_STANDARD = gnu11;
				GCC_NO_COMMON_BLOCKS = YES;
				GCC_WARN_64_TO_32_BIT_CONVERSION = YES;
				GCC_WARN_ABOUT_RETURN_TYPE = YES_ERROR;
				GCC_WARN_UNDECLARED_SELECTOR = YES;
				GCC_WARN_UNINITIALIZED_AUTOS = YES_AGGRESSIVE;
				GCC_WARN_UNUSED_FUNCTION = YES;
				GCC_WARN_UNUSED_VARIABLE = YES;
				IPHONEOS_DEPLOYMENT_TARGET = 11.3;
				MTL_ENABLE_DEBUG_INFO = NO;
				SDKROOT = iphoneos;
				SWIFT_COMPILATION_MODE = wholemodule;
				SWIFT_OPTIMIZATION_LEVEL = "-O";
				VALIDATE_PRODUCT = YES;
			};
			name = Release;
		};
		2DEAD0D0218F7E6F00C3262B /* Debug */ = {
			isa = XCBuildConfiguration;
			buildSettings = {
				ASSETCATALOG_COMPILER_APPICON_NAME = AppIcon;
				CODE_SIGN_STYLE = Automatic;
				INFOPLIST_FILE = matchingCards/Info.plist;
				LD_RUNPATH_SEARCH_PATHS = (
					"$(inherited)",
					"@executable_path/Frameworks",
				);
				PRODUCT_BUNDLE_IDENTIFIER = com.iExpress.ios.matchingCards;
				PRODUCT_NAME = "$(TARGET_NAME)";
				SWIFT_VERSION = 4.0;
				TARGETED_DEVICE_FAMILY = "1,2";
			};
			name = Debug;
		};
		2DEAD0D1218F7E6F00C3262B /* Release */ = {
			isa = XCBuildConfiguration;
			buildSettings = {
				ASSETCATALOG_COMPILER_APPICON_NAME = AppIcon;
				CODE_SIGN_STYLE = Automatic;
				INFOPLIST_FILE = matchingCards/Info.plist;
				LD_RUNPATH_SEARCH_PATHS = (
					"$(inherited)",
					"@executable_path/Frameworks",
				);
				PRODUCT_BUNDLE_IDENTIFIER = com.iExpress.ios.matchingCards;
				PRODUCT_NAME = "$(TARGET_NAME)";
				SWIFT_VERSION = 4.0;
				TARGETED_DEVICE_FAMILY = "1,2";
			};
			name = Release;
		};
		2DEAD0D3218F7E6F00C3262B /* Debug */ = {
			isa = XCBuildConfiguration;
			buildSettings = {
				ALWAYS_EMBED_SWIFT_STANDARD_LIBRARIES = YES;
				BUNDLE_LOADER = "$(TEST_HOST)";
				CODE_SIGN_STYLE = Automatic;
				INFOPLIST_FILE = matchingCardsTests/Info.plist;
				LD_RUNPATH_SEARCH_PATHS = (
					"$(inherited)",
					"@executable_path/Frameworks",
					"@loader_path/Frameworks",
				);
				PRODUCT_BUNDLE_IDENTIFIER = com.iExpress.ios.matchingCardsTests;
				PRODUCT_NAME = "$(TARGET_NAME)";
				SWIFT_VERSION = 4.0;
				TARGETED_DEVICE_FAMILY = "1,2";
				TEST_HOST = "$(BUILT_PRODUCTS_DIR)/matchingCards.app/matchingCards";
			};
			name = Debug;
		};
		2DEAD0D4218F7E6F00C3262B /* Release */ = {
			isa = XCBuildConfiguration;
			buildSettings = {
				ALWAYS_EMBED_SWIFT_STANDARD_LIBRARIES = YES;
				BUNDLE_LOADER = "$(TEST_HOST)";
				CODE_SIGN_STYLE = Automatic;
				INFOPLIST_FILE = matchingCardsTests/Info.plist;
				LD_RUNPATH_SEARCH_PATHS = (
					"$(inherited)",
					"@executable_path/Frameworks",
					"@loader_path/Frameworks",
				);
				PRODUCT_BUNDLE_IDENTIFIER = com.iExpress.ios.matchingCardsTests;
				PRODUCT_NAME = "$(TARGET_NAME)";
				SWIFT_VERSION = 4.0;
				TARGETED_DEVICE_FAMILY = "1,2";
				TEST_HOST = "$(BUILT_PRODUCTS_DIR)/matchingCards.app/matchingCards";
			};
			name = Release;
		};
		2DEAD0D6218F7E6F00C3262B /* Debug */ = {
			isa = XCBuildConfiguration;
			buildSettings = {
				ALWAYS_EMBED_SWIFT_STANDARD_LIBRARIES = YES;
				CODE_SIGN_STYLE = Automatic;
				INFOPLIST_FILE = matchingCardsUITests/Info.plist;
				LD_RUNPATH_SEARCH_PATHS = (
					"$(inherited)",
					"@executable_path/Frameworks",
					"@loader_path/Frameworks",
				);
				PRODUCT_BUNDLE_IDENTIFIER = com.iExpress.ios.matchingCardsUITests;
				PRODUCT_NAME = "$(TARGET_NAME)";
				SWIFT_VERSION = 4.0;
				TARGETED_DEVICE_FAMILY = "1,2";
				TEST_TARGET_NAME = matchingCards;
			};
			name = Debug;
		};
		2DEAD0D7218F7E6F00C3262B /* Release */ = {
			isa = XCBuildConfiguration;
			buildSettings = {
				ALWAYS_EMBED_SWIFT_STANDARD_LIBRARIES = YES;
				CODE_SIGN_STYLE = Automatic;
				INFOPLIST_FILE = matchingCardsUITests/Info.plist;
				LD_RUNPATH_SEARCH_PATHS = (
					"$(inherited)",
					"@executable_path/Frameworks",
					"@loader_path/Frameworks",
				);
				PRODUCT_BUNDLE_IDENTIFIER = com.iExpress.ios.matchingCardsUITests;
				PRODUCT_NAME = "$(TARGET_NAME)";
				SWIFT_VERSION = 4.0;
				TARGETED_DEVICE_FAMILY = "1,2";
				TEST_TARGET_NAME = matchingCards;
			};
			name = Release;
		};
/* End XCBuildConfiguration section */

/* Begin XCConfigurationList section */
		2DEAD09F218F7E5400C3262B /* Build configuration list for PBXProject "matchingCards" */ = {
			isa = XCConfigurationList;
			buildConfigurations = (
				2DEAD0CD218F7E6E00C3262B /* Debug */,
				2DEAD0CE218F7E6F00C3262B /* Release */,
			);
			defaultConfigurationIsVisible = 0;
			defaultConfigurationName = Release;
		};
		2DEAD0CF218F7E6F00C3262B /* Build configuration list for PBXNativeTarget "matchingCards" */ = {
			isa = XCConfigurationList;
			buildConfigurations = (
				2DEAD0D0218F7E6F00C3262B /* Debug */,
				2DEAD0D1218F7E6F00C3262B /* Release */,
			);
			defaultConfigurationIsVisible = 0;
			defaultConfigurationName = Release;
		};
		2DEAD0D2218F7E6F00C3262B /* Build configuration list for PBXNativeTarget "matchingCardsTests" */ = {
			isa = XCConfigurationList;
			buildConfigurations = (
				2DEAD0D3218F7E6F00C3262B /* Debug */,
				2DEAD0D4218F7E6F00C3262B /* Release */,
			);
			defaultConfigurationIsVisible = 0;
			defaultConfigurationName = Release;
		};
		2DEAD0D5218F7E6F00C3262B /* Build configuration list for PBXNativeTarget "matchingCardsUITests" */ = {
			isa = XCConfigurationList;
			buildConfigurations = (
				2DEAD0D6218F7E6F00C3262B /* Debug */,
				2DEAD0D7218F7E6F00C3262B /* Release */,
			);
			defaultConfigurationIsVisible = 0;
			defaultConfigurationName = Release;
		};
/* End XCConfigurationList section */

/* Begin XCVersionGroup section */
		2DEAD0AE218F7E5500C3262B /* matchingCards.xcdatamodeld */ = {
			isa = XCVersionGroup;
			children = (
				2DEAD0AF218F7E5500C3262B /* matchingCards.xcdatamodel */,
			);
			currentVersion = 2DEAD0AF218F7E5500C3262B /* matchingCards.xcdatamodel */;
			path = matchingCards.xcdatamodeld;
			sourceTree = "<group>";
			versionGroupType = wrapper.xcdatamodel;
		};
/* End XCVersionGroup section */
	};
	rootObject = 2DEAD09C218F7E5300C3262B /* Project object */;
}
